// !$*UTF8*$!
{
	archiveVersion = 1;
	classes = {
	};
	objectVersion = 46;
	objects = {

/* Begin PBXBuildFile section */
		071A04691C29074C0074ABFD /* AppDelegate.swift in Sources */ = {isa = PBXBuildFile; fileRef = 071A04681C29074C0074ABFD /* AppDelegate.swift */; };
		071A046B1C29074C0074ABFD /* MenuViewController.swift in Sources */ = {isa = PBXBuildFile; fileRef = 071A046A1C29074C0074ABFD /* MenuViewController.swift */; };
		071A046E1C29074C0074ABFD /* Main.storyboard in Resources */ = {isa = PBXBuildFile; fileRef = 071A046C1C29074C0074ABFD /* Main.storyboard */; };
		071A04701C29074C0074ABFD /* Assets.xcassets in Resources */ = {isa = PBXBuildFile; fileRef = 071A046F1C29074C0074ABFD /* Assets.xcassets */; };
		071A04731C29074C0074ABFD /* LaunchScreen.storyboard in Resources */ = {isa = PBXBuildFile; fileRef = 071A04711C29074C0074ABFD /* LaunchScreen.storyboard */; };
		071A047C1C2908D90074ABFD /* MenuCell.swift in Sources */ = {isa = PBXBuildFile; fileRef = 071A047A1C2908D90074ABFD /* MenuCell.swift */; };
		071A047D1C2908D90074ABFD /* MenuCell.xib in Resources */ = {isa = PBXBuildFile; fileRef = 071A047B1C2908D90074ABFD /* MenuCell.xib */; };
		071A04801C2908E80074ABFD /* TimelineCell.swift in Sources */ = {isa = PBXBuildFile; fileRef = 071A047E1C2908E80074ABFD /* TimelineCell.swift */; };
		071A04811C2908E80074ABFD /* TimelineCell.xib in Resources */ = {isa = PBXBuildFile; fileRef = 071A047F1C2908E80074ABFD /* TimelineCell.xib */; };
		071A04831C2909430074ABFD /* MenuTableViewController.swift in Sources */ = {isa = PBXBuildFile; fileRef = 071A04821C2909430074ABFD /* MenuTableViewController.swift */; };
		071A04851C290CF60074ABFD /* TimelineViewController.swift in Sources */ = {isa = PBXBuildFile; fileRef = 071A04841C290CF60074ABFD /* TimelineViewController.swift */; };
		071A04871C2910C60074ABFD /* TimelineDetailViewController.swift in Sources */ = {isa = PBXBuildFile; fileRef = 071A04861C2910C60074ABFD /* TimelineDetailViewController.swift */; };
		071A04891C2911050074ABFD /* TimelineDetailTableViewController.swift in Sources */ = {isa = PBXBuildFile; fileRef = 071A04881C2911050074ABFD /* TimelineDetailTableViewController.swift */; };
		07B2EDF91C2A5B82007811CD /* DataModel.xcdatamodeld in Sources */ = {isa = PBXBuildFile; fileRef = 07B2EDF71C2A5B82007811CD /* DataModel.xcdatamodeld */; };
		07B2EDFC1C2A6528007811CD /* Entry+CoreDataProperties.swift in Sources */ = {isa = PBXBuildFile; fileRef = 07B2EDFA1C2A6528007811CD /* Entry+CoreDataProperties.swift */; };
		07B2EDFD1C2A6528007811CD /* Entry.swift in Sources */ = {isa = PBXBuildFile; fileRef = 07B2EDFB1C2A6528007811CD /* Entry.swift */; };
		07B2EDFF1C2A7DC1007811CD /* TimelineDetailCell.xib in Resources */ = {isa = PBXBuildFile; fileRef = 07B2EDFE1C2A7DC1007811CD /* TimelineDetailCell.xib */; };
		07B2EE011C2A842B007811CD /* TimelineDetailCell.swift in Sources */ = {isa = PBXBuildFile; fileRef = 07B2EE001C2A842B007811CD /* TimelineDetailCell.swift */; };
		07B2EE051C2AB3CC007811CD /* HudView.swift in Sources */ = {isa = PBXBuildFile; fileRef = 07B2EE041C2AB3CC007811CD /* HudView.swift */; };
		07B2EE071C2AEF4D007811CD /* LoadingCell.xib in Resources */ = {isa = PBXBuildFile; fileRef = 07B2EE061C2AEF4D007811CD /* LoadingCell.xib */; };
		07B2EE091C2BCE20007811CD /* Functions.swift in Sources */ = {isa = PBXBuildFile; fileRef = 07B2EE081C2BCE20007811CD /* Functions.swift */; };
		07B2EE0B1C2BE339007811CD /* UIImage+Resize.swift in Sources */ = {isa = PBXBuildFile; fileRef = 07B2EE0A1C2BE339007811CD /* UIImage+Resize.swift */; };
		07B2EE0D1C2C5D4F007811CD /* pictureViewCell.xib in Resources */ = {isa = PBXBuildFile; fileRef = 07B2EE0C1C2C5D4F007811CD /* pictureViewCell.xib */; };
		07B2EE0F1C2C5EE9007811CD /* pictureViewCell.swift in Sources */ = {isa = PBXBuildFile; fileRef = 07B2EE0E1C2C5EE9007811CD /* pictureViewCell.swift */; };
		07B2EE111C2C6496007811CD /* PictureViewController.swift in Sources */ = {isa = PBXBuildFile; fileRef = 07B2EE101C2C6496007811CD /* PictureViewController.swift */; };
/* End PBXBuildFile section */

/* Begin PBXFileReference section */
		071A04651C29074C0074ABFD /* DailyPic.app */ = {isa = PBXFileReference; explicitFileType = wrapper.application; includeInIndex = 0; path = DailyPic.app; sourceTree = BUILT_PRODUCTS_DIR; };
		071A04681C29074C0074ABFD /* AppDelegate.swift */ = {isa = PBXFileReference; lastKnownFileType = sourcecode.swift; path = AppDelegate.swift; sourceTree = "<group>"; };
		071A046A1C29074C0074ABFD /* MenuViewController.swift */ = {isa = PBXFileReference; lastKnownFileType = sourcecode.swift; path = MenuViewController.swift; sourceTree = "<group>"; };
		071A046D1C29074C0074ABFD /* Base */ = {isa = PBXFileReference; lastKnownFileType = file.storyboard; name = Base; path = Base.lproj/Main.storyboard; sourceTree = "<group>"; };
		071A046F1C29074C0074ABFD /* Assets.xcassets */ = {isa = PBXFileReference; lastKnownFileType = folder.assetcatalog; path = Assets.xcassets; sourceTree = "<group>"; };
		071A04721C29074C0074ABFD /* Base */ = {isa = PBXFileReference; lastKnownFileType = file.storyboard; name = Base; path = Base.lproj/LaunchScreen.storyboard; sourceTree = "<group>"; };
		071A04741C29074C0074ABFD /* Info.plist */ = {isa = PBXFileReference; lastKnownFileType = text.plist.xml; path = Info.plist; sourceTree = "<group>"; };
		071A047A1C2908D90074ABFD /* MenuCell.swift */ = {isa = PBXFileReference; fileEncoding = 4; lastKnownFileType = sourcecode.swift; path = MenuCell.swift; sourceTree = "<group>"; };
		071A047B1C2908D90074ABFD /* MenuCell.xib */ = {isa = PBXFileReference; fileEncoding = 4; lastKnownFileType = file.xib; path = MenuCell.xib; sourceTree = "<group>"; };
		071A047E1C2908E80074ABFD /* TimelineCell.swift */ = {isa = PBXFileReference; fileEncoding = 4; lastKnownFileType = sourcecode.swift; path = TimelineCell.swift; sourceTree = "<group>"; };
		071A047F1C2908E80074ABFD /* TimelineCell.xib */ = {isa = PBXFileReference; fileEncoding = 4; lastKnownFileType = file.xib; path = TimelineCell.xib; sourceTree = "<group>"; };
		071A04821C2909430074ABFD /* MenuTableViewController.swift */ = {isa = PBXFileReference; fileEncoding = 4; lastKnownFileType = sourcecode.swift; path = MenuTableViewController.swift; sourceTree = "<group>"; };
		071A04841C290CF60074ABFD /* TimelineViewController.swift */ = {isa = PBXFileReference; fileEncoding = 4; lastKnownFileType = sourcecode.swift; path = TimelineViewController.swift; sourceTree = "<group>"; };
		071A04861C2910C60074ABFD /* TimelineDetailViewController.swift */ = {isa = PBXFileReference; fileEncoding = 4; lastKnownFileType = sourcecode.swift; path = TimelineDetailViewController.swift; sourceTree = "<group>"; };
		071A04881C2911050074ABFD /* TimelineDetailTableViewController.swift */ = {isa = PBXFileReference; fileEncoding = 4; lastKnownFileType = sourcecode.swift; path = TimelineDetailTableViewController.swift; sourceTree = "<group>"; };
		07B2EDF81C2A5B82007811CD /* DataModel.xcdatamodel */ = {isa = PBXFileReference; lastKnownFileType = wrapper.xcdatamodel; path = DataModel.xcdatamodel; sourceTree = "<group>"; };
		07B2EDFA1C2A6528007811CD /* Entry+CoreDataProperties.swift */ = {isa = PBXFileReference; fileEncoding = 4; lastKnownFileType = sourcecode.swift; path = "Entry+CoreDataProperties.swift"; sourceTree = "<group>"; };
		07B2EDFB1C2A6528007811CD /* Entry.swift */ = {isa = PBXFileReference; fileEncoding = 4; lastKnownFileType = sourcecode.swift; path = Entry.swift; sourceTree = "<group>"; };
		07B2EDFE1C2A7DC1007811CD /* TimelineDetailCell.xib */ = {isa = PBXFileReference; fileEncoding = 4; lastKnownFileType = file.xib; path = TimelineDetailCell.xib; sourceTree = "<group>"; };
		07B2EE001C2A842B007811CD /* TimelineDetailCell.swift */ = {isa = PBXFileReference; fileEncoding = 4; lastKnownFileType = sourcecode.swift; path = TimelineDetailCell.swift; sourceTree = "<group>"; };
		07B2EE041C2AB3CC007811CD /* HudView.swift */ = {isa = PBXFileReference; fileEncoding = 4; lastKnownFileType = sourcecode.swift; path = HudView.swift; sourceTree = "<group>"; };
		07B2EE061C2AEF4D007811CD /* LoadingCell.xib */ = {isa = PBXFileReference; fileEncoding = 4; lastKnownFileType = file.xib; path = LoadingCell.xib; sourceTree = "<group>"; };
		07B2EE081C2BCE20007811CD /* Functions.swift */ = {isa = PBXFileReference; fileEncoding = 4; lastKnownFileType = sourcecode.swift; path = Functions.swift; sourceTree = "<group>"; };
		07B2EE0A1C2BE339007811CD /* UIImage+Resize.swift */ = {isa = PBXFileReference; fileEncoding = 4; lastKnownFileType = sourcecode.swift; path = "UIImage+Resize.swift"; sourceTree = "<group>"; };
		07B2EE0C1C2C5D4F007811CD /* pictureViewCell.xib */ = {isa = PBXFileReference; fileEncoding = 4; lastKnownFileType = file.xib; path = pictureViewCell.xib; sourceTree = "<group>"; };
		07B2EE0E1C2C5EE9007811CD /* pictureViewCell.swift */ = {isa = PBXFileReference; fileEncoding = 4; lastKnownFileType = sourcecode.swift; path = pictureViewCell.swift; sourceTree = "<group>"; };
		07B2EE101C2C6496007811CD /* PictureViewController.swift */ = {isa = PBXFileReference; fileEncoding = 4; lastKnownFileType = sourcecode.swift; path = PictureViewController.swift; sourceTree = "<group>"; };
/* End PBXFileReference section */

/* Begin PBXFrameworksBuildPhase section */
		071A04621C29074C0074ABFD /* Frameworks */ = {
			isa = PBXFrameworksBuildPhase;
			buildActionMask = 2147483647;
			files = (
			);
			runOnlyForDeploymentPostprocessing = 0;
		};
/* End PBXFrameworksBuildPhase section */

/* Begin PBXGroup section */
		071A045C1C29074C0074ABFD = {
			isa = PBXGroup;
			children = (
				07B2EDFA1C2A6528007811CD /* Entry+CoreDataProperties.swift */,
				07B2EDFB1C2A6528007811CD /* Entry.swift */,
				071A04671C29074C0074ABFD /* DailyPic */,
				071A04661C29074C0074ABFD /* Products */,
			);
			sourceTree = "<group>";
		};
		071A04661C29074C0074ABFD /* Products */ = {
			isa = PBXGroup;
			children = (
				071A04651C29074C0074ABFD /* DailyPic.app */,
			);
			name = Products;
			sourceTree = "<group>";
		};
		071A04671C29074C0074ABFD /* DailyPic */ = {
			isa = PBXGroup;
			children = (
				071A04681C29074C0074ABFD /* AppDelegate.swift */,
				071A046F1C29074C0074ABFD /* Assets.xcassets */,
				07B2EDF71C2A5B82007811CD /* DataModel.xcdatamodeld */,
				07B2EE081C2BCE20007811CD /* Functions.swift */,
				07B2EE041C2AB3CC007811CD /* HudView.swift */,
				071A04741C29074C0074ABFD /* Info.plist */,
				071A04711C29074C0074ABFD /* LaunchScreen.storyboard */,
				07B2EE061C2AEF4D007811CD /* LoadingCell.xib */,
				071A046C1C29074C0074ABFD /* Main.storyboard */,
				071A047A1C2908D90074ABFD /* MenuCell.swift */,
				071A047B1C2908D90074ABFD /* MenuCell.xib */,
				071A04821C2909430074ABFD /* MenuTableViewController.swift */,
				071A046A1C29074C0074ABFD /* MenuViewController.swift */,
				07B2EE0E1C2C5EE9007811CD /* pictureViewCell.swift */,
				07B2EE0C1C2C5D4F007811CD /* pictureViewCell.xib */,
				07B2EE101C2C6496007811CD /* PictureViewController.swift */,
				071A047E1C2908E80074ABFD /* TimelineCell.swift */,
				071A047F1C2908E80074ABFD /* TimelineCell.xib */,
				07B2EE001C2A842B007811CD /* TimelineDetailCell.swift */,
				07B2EDFE1C2A7DC1007811CD /* TimelineDetailCell.xib */,
				071A04881C2911050074ABFD /* TimelineDetailTableViewController.swift */,
				071A04861C2910C60074ABFD /* TimelineDetailViewController.swift */,
				071A04841C290CF60074ABFD /* TimelineViewController.swift */,
				07B2EE0A1C2BE339007811CD /* UIImage+Resize.swift */,
			);
			path = DailyPic;
			sourceTree = "<group>";
		};
/* End PBXGroup section */

/* Begin PBXNativeTarget section */
		071A04641C29074C0074ABFD /* DailyPic */ = {
			isa = PBXNativeTarget;
			buildConfigurationList = 071A04771C29074C0074ABFD /* Build configuration list for PBXNativeTarget "DailyPic" */;
			buildPhases = (
				071A04611C29074C0074ABFD /* Sources */,
				071A04621C29074C0074ABFD /* Frameworks */,
				071A04631C29074C0074ABFD /* Resources */,
			);
			buildRules = (
			);
			dependencies = (
			);
			name = DailyPic;
			productName = DailyPic;
			productReference = 071A04651C29074C0074ABFD /* DailyPic.app */;
			productType = "com.apple.product-type.application";
		};
/* End PBXNativeTarget section */

/* Begin PBXProject section */
		071A045D1C29074C0074ABFD /* Project object */ = {
			isa = PBXProject;
			attributes = {
				LastSwiftUpdateCheck = 0720;
				LastUpgradeCheck = 0720;
				ORGANIZATIONNAME = Shaohui;
				TargetAttributes = {
					071A04641C29074C0074ABFD = {
						CreatedOnToolsVersion = 7.2;
						DevelopmentTeam = 9QMABY9PEU;
					};
				};
			};
			buildConfigurationList = 071A04601C29074C0074ABFD /* Build configuration list for PBXProject "DailyPic" */;
			compatibilityVersion = "Xcode 3.2";
			developmentRegion = English;
			hasScannedForEncodings = 0;
			knownRegions = (
				en,
				Base,
			);
			mainGroup = 071A045C1C29074C0074ABFD;
			productRefGroup = 071A04661C29074C0074ABFD /* Products */;
			projectDirPath = "";
			projectRoot = "";
			targets = (
				071A04641C29074C0074ABFD /* DailyPic */,
			);
		};
/* End PBXProject section */

/* Begin PBXResourcesBuildPhase section */
		071A04631C29074C0074ABFD /* Resources */ = {
			isa = PBXResourcesBuildPhase;
			buildActionMask = 2147483647;
			files = (
				07B2EE071C2AEF4D007811CD /* LoadingCell.xib in Resources */,
				071A04731C29074C0074ABFD /* LaunchScreen.storyboard in Resources */,
				07B2EDFF1C2A7DC1007811CD /* TimelineDetailCell.xib in Resources */,
				07B2EE0D1C2C5D4F007811CD /* pictureViewCell.xib in Resources */,
				071A04701C29074C0074ABFD /* Assets.xcassets in Resources */,
				071A04811C2908E80074ABFD /* TimelineCell.xib in Resources */,
				071A047D1C2908D90074ABFD /* MenuCell.xib in Resources */,
				071A046E1C29074C0074ABFD /* Main.storyboard in Resources */,
			);
			runOnlyForDeploymentPostprocessing = 0;
		};
/* End PBXResourcesBuildPhase section */

/* Begin PBXSourcesBuildPhase section */
		071A04611C29074C0074ABFD /* Sources */ = {
			isa = PBXSourcesBuildPhase;
			buildActionMask = 2147483647;
			files = (
				071A04801C2908E80074ABFD /* TimelineCell.swift in Sources */,
				071A04871C2910C60074ABFD /* TimelineDetailViewController.swift in Sources */,
				071A046B1C29074C0074ABFD /* MenuViewController.swift in Sources */,
				07B2EE091C2BCE20007811CD /* Functions.swift in Sources */,
				071A04891C2911050074ABFD /* TimelineDetailTableViewController.swift in Sources */,
				07B2EDFC1C2A6528007811CD /* Entry+CoreDataProperties.swift in Sources */,
				07B2EE011C2A842B007811CD /* TimelineDetailCell.swift in Sources */,
				07B2EE111C2C6496007811CD /* PictureViewController.swift in Sources */,
				07B2EE0F1C2C5EE9007811CD /* pictureViewCell.swift in Sources */,
				071A04831C2909430074ABFD /* MenuTableViewController.swift in Sources */,
				07B2EE0B1C2BE339007811CD /* UIImage+Resize.swift in Sources */,
				07B2EDFD1C2A6528007811CD /* Entry.swift in Sources */,
				07B2EDF91C2A5B82007811CD /* DataModel.xcdatamodeld in Sources */,
				071A04691C29074C0074ABFD /* AppDelegate.swift in Sources */,
				071A047C1C2908D90074ABFD /* MenuCell.swift in Sources */,
				071A04851C290CF60074ABFD /* TimelineViewController.swift in Sources */,
				07B2EE051C2AB3CC007811CD /* HudView.swift in Sources */,
			);
			runOnlyForDeploymentPostprocessing = 0;
		};
/* End PBXSourcesBuildPhase section */

/* Begin PBXVariantGroup section */
		071A046C1C29074C0074ABFD /* Main.storyboard */ = {
			isa = PBXVariantGroup;
			children = (
				071A046D1C29074C0074ABFD /* Base */,
			);
			name = Main.storyboard;
			sourceTree = "<group>";
		};
		071A04711C29074C0074ABFD /* LaunchScreen.storyboard */ = {
			isa = PBXVariantGroup;
			children = (
				071A04721C29074C0074ABFD /* Base */,
			);
			name = LaunchScreen.storyboard;
			sourceTree = "<group>";
		};
/* End PBXVariantGroup section */

/* Begin XCBuildConfiguration section */
		071A04751C29074C0074ABFD /* Debug */ = {
			isa = XCBuildConfiguration;
			buildSettings = {
				ALWAYS_SEARCH_USER_PATHS = NO;
				CLANG_CXX_LANGUAGE_STANDARD = "gnu++0x";
				CLANG_CXX_LIBRARY = "libc++";
				CLANG_ENABLE_MODULES = YES;
				CLANG_ENABLE_OBJC_ARC = YES;
				CLANG_WARN_BOOL_CONVERSION = YES;
				CLANG_WARN_CONSTANT_CONVERSION = YES;
				CLANG_WARN_DIRECT_OBJC_ISA_USAGE = YES_ERROR;
				CLANG_WARN_EMPTY_BODY = YES;
				CLANG_WARN_ENUM_CONVERSION = YES;
				CLANG_WARN_INT_CONVERSION = YES;
				CLANG_WARN_OBJC_ROOT_CLASS = YES_ERROR;
				CLANG_WARN_UNREACHABLE_CODE = YES;
				CLANG_WARN__DUPLICATE_METHOD_MATCH = YES;
				"CODE_SIGN_IDENTITY[sdk=iphoneos*]" = "iPhone Developer";
				COPY_PHASE_STRIP = NO;
				DEBUG_INFORMATION_FORMAT = dwarf;
				ENABLE_STRICT_OBJC_MSGSEND = YES;
				ENABLE_TESTABILITY = YES;
				GCC_C_LANGUAGE_STANDARD = gnu99;
				GCC_DYNAMIC_NO_PIC = NO;
				GCC_NO_COMMON_BLOCKS = YES;
				GCC_OPTIMIZATION_LEVEL = 0;
				GCC_PREPROCESSOR_DEFINITIONS = (
					"DEBUG=1",
					"$(inherited)",
				);
				GCC_WARN_64_TO_32_BIT_CONVERSION = YES;
				GCC_WARN_ABOUT_RETURN_TYPE = YES_ERROR;
				GCC_WARN_UNDECLARED_SELECTOR = YES;
				GCC_WARN_UNINITIALIZED_AUTOS = YES_AGGRESSIVE;
				GCC_WARN_UNUSED_FUNCTION = YES;
				GCC_WARN_UNUSED_VARIABLE = YES;
				IPHONEOS_DEPLOYMENT_TARGET = 9.2;
				MTL_ENABLE_DEBUG_INFO = YES;
				ONLY_ACTIVE_ARCH = YES;
				SDKROOT = iphoneos;
				SWIFT_OPTIMIZATION_LEVEL = "-Onone";
			};
			name = Debug;
		};
		071A04761C29074C0074ABFD /* Release */ = {
			isa = XCBuildConfiguration;
			buildSettings = {
				ALWAYS_SEARCH_USER_PATHS = NO;
				CLANG_CXX_LANGUAGE_STANDARD = "gnu++0x";
				CLANG_CXX_LIBRARY = "libc++";
				CLANG_ENABLE_MODULES = YES;
				CLANG_ENABLE_OBJC_ARC = YES;
				CLANG_WARN_BOOL_CONVERSION = YES;
				CLANG_WARN_CONSTANT_CONVERSION = YES;
				CLANG_WARN_DIRECT_OBJC_ISA_USAGE = YES_ERROR;
				CLANG_WARN_EMPTY_BODY = YES;
				CLANG_WARN_ENUM_CONVERSION = YES;
				CLANG_WARN_INT_CONVERSION = YES;
				CLANG_WARN_OBJC_ROOT_CLASS = YES_ERROR;
				CLANG_WARN_UNREACHABLE_CODE = YES;
				CLANG_WARN__DUPLICATE_METHOD_MATCH = YES;
				"CODE_SIGN_IDENTITY[sdk=iphoneos*]" = "iPhone Developer";
				COPY_PHASE_STRIP = NO;
				DEBUG_INFORMATION_FORMAT = "dwarf-with-dsym";
				ENABLE_NS_ASSERTIONS = NO;
				ENABLE_STRICT_OBJC_MSGSEND = YES;
				GCC_C_LANGUAGE_STANDARD = gnu99;
				GCC_NO_COMMON_BLOCKS = YES;
				GCC_WARN_64_TO_32_BIT_CONVERSION = YES;
				GCC_WARN_ABOUT_RETURN_TYPE = YES_ERROR;
				GCC_WARN_UNDECLARED_SELECTOR = YES;
				GCC_WARN_UNINITIALIZED_AUTOS = YES_AGGRESSIVE;
				GCC_WARN_UNUSED_FUNCTION = YES;
				GCC_WARN_UNUSED_VARIABLE = YES;
				IPHONEOS_DEPLOYMENT_TARGET = 9.2;
				MTL_ENABLE_DEBUG_INFO = NO;
				SDKROOT = iphoneos;
				VALIDATE_PRODUCT = YES;
			};
			name = Release;
		};
		071A04781C29074C0074ABFD /* Debug */ = {
			isa = XCBuildConfiguration;
			buildSettings = {
				ASSETCATALOG_COMPILER_APPICON_NAME = AppIcon;
				INFOPLIST_FILE = DailyPic/Info.plist;
				LD_RUNPATH_SEARCH_PATHS = "$(inherited) @executable_path/Frameworks";
				PRODUCT_BUNDLE_IDENTIFIER = com.watermelonlab.DailyPic;
				PRODUCT_NAME = "$(TARGET_NAME)";
			};
			name = Debug;
		};
		071A04791C29074C0074ABFD /* Release */ = {
			isa = XCBuildConfiguration;
			buildSettings = {
				ASSETCATALOG_COMPILER_APPICON_NAME = AppIcon;
				INFOPLIST_FILE = DailyPic/Info.plist;
				LD_RUNPATH_SEARCH_PATHS = "$(inherited) @executable_path/Frameworks";
				PRODUCT_BUNDLE_IDENTIFIER = com.watermelonlab.DailyPic;
				PRODUCT_NAME = "$(TARGET_NAME)";
			};
			name = Release;
		};
/* End XCBuildConfiguration section */

/* Begin XCConfigurationList section */
		071A04601C29074C0074ABFD /* Build configuration list for PBXProject "DailyPic" */ = {
			isa = XCConfigurationList;
			buildConfigurations = (
				071A04751C29074C0074ABFD /* Debug */,
				071A04761C29074C0074ABFD /* Release */,
			);
			defaultConfigurationIsVisible = 0;
			defaultConfigurationName = Release;
		};
		071A04771C29074C0074ABFD /* Build configuration list for PBXNativeTarget "DailyPic" */ = {
			isa = XCConfigurationList;
			buildConfigurations = (
				071A04781C29074C0074ABFD /* Debug */,
				071A04791C29074C0074ABFD /* Release */,
			);
			defaultConfigurationIsVisible = 0;
			defaultConfigurationName = Release;
		};
/* End XCConfigurationList section */

/* Begin XCVersionGroup section */
		07B2EDF71C2A5B82007811CD /* DataModel.xcdatamodeld */ = {
			isa = XCVersionGroup;
			children = (
				07B2EDF81C2A5B82007811CD /* DataModel.xcdatamodel */,
			);
			currentVersion = 07B2EDF81C2A5B82007811CD /* DataModel.xcdatamodel */;
			path = DataModel.xcdatamodeld;
			sourceTree = "<group>";
			versionGroupType = wrapper.xcdatamodel;
		};
/* End XCVersionGroup section */
	};
	rootObject = 071A045D1C29074C0074ABFD /* Project object */;
}
